
Microsoft Visual Studio Solution File, Format Version 12.00
# Visual Studio Version 16
VisualStudioVersion = 16.0.30517.126
MinimumVisualStudioVersion = 10.0.40219.1
Project("{FAE04EC0-301F-11D3-BF4B-00C04F79EFBC}") = "CookieClicker.UWP", "CookieClicker\CookieClicker.UWP\CookieClicker.UWP.csproj", "{6CAC55C6-EC24-4781-8981-9708B05BEAA9}"
EndProject
Project("{FAE04EC0-301F-11D3-BF4B-00C04F79EFBC}") = "CookieClicker.Android", "CookieClicker\CookieClicker.Android\CookieClicker.Android.csproj", "{39C002EA-7051-4868-ACC7-7D839F5A6701}"
EndProject
Project("{FAE04EC0-301F-11D3-BF4B-00C04F79EFBC}") = "CookieClicker.iOS", "CookieClicker\CookieClicker.iOS\CookieClicker.iOS.csproj", "{B1375B38-509E-441E-89E4-AA8FB14DBBA9}"
EndProject
Project("{FAE04EC0-301F-11D3-BF4B-00C04F79EFBC}") = "CookieClicker", "CookieClicker\CookieClicker\CookieClicker.csproj", "{2F49FAB1-93F3-4927-A766-00CB7B4A7177}"
EndProject
Global
	GlobalSection(SolutionConfigurationPlatforms) = preSolution
		Debug|Any CPU = Debug|Any CPU
		Debug|ARM = Debug|ARM
		Debug|iPhone = Debug|iPhone
		Debug|iPhoneSimulator = Debug|iPhoneSimulator
		Debug|x64 = Debug|x64
		Debug|x86 = Debug|x86
		Release|Any CPU = Release|Any CPU
		Release|ARM = Release|ARM
		Release|iPhone = Release|iPhone
		Release|iPhoneSimulator = Release|iPhoneSimulator
		Release|x64 = Release|x64
		Release|x86 = Release|x86
	EndGlobalSection
	GlobalSection(ProjectConfigurationPlatforms) = postSolution
		{6CAC55C6-EC24-4781-8981-9708B05BEAA9}.Debug|Any CPU.ActiveCfg = Debug|x86
		{6CAC55C6-EC24-4781-8981-9708B05BEAA9}.Debug|Any CPU.Build.0 = Debug|x86
		{6CAC55C6-EC24-4781-8981-9708B05BEAA9}.Debug|Any CPU.Deploy.0 = Debug|x86
		{6CAC55C6-EC24-4781-8981-9708B05BEAA9}.Debug|ARM.ActiveCfg = Debug|ARM
		{6CAC55C6-EC24-4781-8981-9708B05BEAA9}.Debug|ARM.Build.0 = Debug|ARM
		{6CAC55C6-EC24-4781-8981-9708B05BEAA9}.Debug|ARM.Deploy.0 = Debug|ARM
		{6CAC55C6-EC24-4781-8981-9708B05BEAA9}.Debug|iPhone.ActiveCfg = Debug|x86
		{6CAC55C6-EC24-4781-8981-9708B05BEAA9}.Debug|iPhone.Build.0 = Debug|x86
		{6CAC55C6-EC24-4781-8981-9708B05BEAA9}.Debug|iPhone.Deploy.0 = Debug|x86
		{6CAC55C6-EC24-4781-8981-9708B05BEAA9}.Debug|iPhoneSimulator.ActiveCfg = Debug|x86
		{6CAC55C6-EC24-4781-8981-9708B05BEAA9}.Debug|iPhoneSimulator.Build.0 = Debug|x86
		{6CAC55C6-EC24-4781-8981-9708B05BEAA9}.Debug|iPhoneSimulator.Deploy.0 = Debug|x86
		{6CAC55C6-EC24-4781-8981-9708B05BEAA9}.Debug|x64.ActiveCfg = Debug|x64
		{6CAC55C6-EC24-4781-8981-9708B05BEAA9}.Debug|x64.Build.0 = Debug|x64
		{6CAC55C6-EC24-4781-8981-9708B05BEAA9}.Debug|x64.Deploy.0 = Debug|x64
		{6CAC55C6-EC24-4781-8981-9708B05BEAA9}.Debug|x86.ActiveCfg = Debug|x86
		{6CAC55C6-EC24-4781-8981-9708B05BEAA9}.Debug|x86.Build.0 = Debug|x86
		{6CAC55C6-EC24-4781-8981-9708B05BEAA9}.Debug|x86.Deploy.0 = Debug|x86
		{6CAC55C6-EC24-4781-8981-9708B05BEAA9}.Release|Any CPU.ActiveCfg = Release|x86
		{6CAC55C6-EC24-4781-8981-9708B05BEAA9}.Release|Any CPU.Build.0 = Release|x86
		{6CAC55C6-EC24-4781-8981-9708B05BEAA9}.Release|Any CPU.Deploy.0 = Release|x86
		{6CAC55C6-EC24-4781-8981-9708B05BEAA9}.Release|ARM.ActiveCfg = Release|ARM
		{6CAC55C6-EC24-4781-8981-9708B05BEAA9}.Release|ARM.Build.0 = Release|ARM
		{6CAC55C6-EC24-4781-8981-9708B05BEAA9}.Release|ARM.Deploy.0 = Release|ARM
		{6CAC55C6-EC24-4781-8981-9708B05BEAA9}.Release|iPhone.ActiveCfg = Release|x86
		{6CAC55C6-EC24-4781-8981-9708B05BEAA9}.Release|iPhone.Build.0 = Release|x86
		{6CAC55C6-EC24-4781-8981-9708B05BEAA9}.Release|iPhone.Deploy.0 = Release|x86
		{6CAC55C6-EC24-4781-8981-9708B05BEAA9}.Release|iPhoneSimulator.ActiveCfg = Release|x86
		{6CAC55C6-EC24-4781-8981-9708B05BEAA9}.Release|iPhoneSimulator.Build.0 = Release|x86
		{6CAC55C6-EC24-4781-8981-9708B05BEAA9}.Release|iPhoneSimulator.Deploy.0 = Release|x86
		{6CAC55C6-EC24-4781-8981-9708B05BEAA9}.Release|x64.ActiveCfg = Release|x64
		{6CAC55C6-EC24-4781-8981-9708B05BEAA9}.Release|x64.Build.0 = Release|x64
		{6CAC55C6-EC24-4781-8981-9708B05BEAA9}.Release|x64.Deploy.0 = Release|x64
		{6CAC55C6-EC24-4781-8981-9708B05BEAA9}.Release|x86.ActiveCfg = Release|x86
		{6CAC55C6-EC24-4781-8981-9708B05BEAA9}.Release|x86.Build.0 = Release|x86
		{6CAC55C6-EC24-4781-8981-9708B05BEAA9}.Release|x86.Deploy.0 = Release|x86
		{39C002EA-7051-4868-ACC7-7D839F5A6701}.Debug|Any CPU.ActiveCfg = Debug|Any CPU
		{39C002EA-7051-4868-ACC7-7D839F5A6701}.Debug|Any CPU.Build.0 = Debug|Any CPU
		{39C002EA-7051-4868-ACC7-7D839F5A6701}.Debug|Any CPU.Deploy.0 = Debug|Any CPU
		{39C002EA-7051-4868-ACC7-7D839F5A6701}.Debug|ARM.ActiveCfg = Debug|Any CPU
		{39C002EA-7051-4868-ACC7-7D839F5A6701}.Debug|ARM.Build.0 = Debug|Any CPU
		{39C002EA-7051-4868-ACC7-7D839F5A6701}.Debug|ARM.Deploy.0 = Debug|Any CPU
		{39C002EA-7051-4868-ACC7-7D839F5A6701}.Debug|iPhone.ActiveCfg = Debug|Any CPU
		{39C002EA-7051-4868-ACC7-7D839F5A6701}.Debug|iPhone.Build.0 = Debug|Any CPU
		{39C002EA-7051-4868-ACC7-7D839F5A6701}.Debug|iPhone.Deploy.0 = Debug|Any CPU
		{39C002EA-7051-4868-ACC7-7D839F5A6701}.Debug|iPhoneSimulator.ActiveCfg = Debug|Any CPU
		{39C002EA-7051-4868-ACC7-7D839F5A6701}.Debug|iPhoneSimulator.Build.0 = Debug|Any CPU
		{39C002EA-7051-4868-ACC7-7D839F5A6701}.Debug|iPhoneSimulator.Deploy.0 = Debug|Any CPU
		{39C002EA-7051-4868-ACC7-7D839F5A6701}.Debug|x64.ActiveCfg = Debug|Any CPU
		{39C002EA-7051-4868-ACC7-7D839F5A6701}.Debug|x64.Build.0 = Debug|Any CPU
		{39C002EA-7051-4868-ACC7-7D839F5A6701}.Debug|x64.Deploy.0 = Debug|Any CPU
		{39C002EA-7051-4868-ACC7-7D839F5A6701}.Debug|x86.ActiveCfg = Debug|Any CPU
		{39C002EA-7051-4868-ACC7-7D839F5A6701}.Debug|x86.Build.0 = Debug|Any CPU
		{39C002EA-7051-4868-ACC7-7D839F5A6701}.Debug|x86.Deploy.0 = Debug|Any CPU
		{39C002EA-7051-4868-ACC7-7D839F5A6701}.Release|Any CPU.ActiveCfg = Release|Any CPU
		{39C002EA-7051-4868-ACC7-7D839F5A6701}.Release|Any CPU.Build.0 = Release|Any CPU
		{39C002EA-7051-4868-ACC7-7D839F5A6701}.Release|Any CPU.Deploy.0 = Release|Any CPU
		{39C002EA-7051-4868-ACC7-7D839F5A6701}.Release|ARM.ActiveCfg = Release|Any CPU
		{39C002EA-7051-4868-ACC7-7D839F5A6701}.Release|ARM.Build.0 = Release|Any CPU
		{39C002EA-7051-4868-ACC7-7D839F5A6701}.Release|ARM.Deploy.0 = Release|Any CPU
		{39C002EA-7051-4868-ACC7-7D839F5A6701}.Release|iPhone.ActiveCfg = Release|Any CPU
		{39C002EA-7051-4868-ACC7-7D839F5A6701}.Release|iPhone.Build.0 = Release|Any CPU
		{39C002EA-7051-4868-ACC7-7D839F5A6701}.Release|iPhone.Deploy.0 = Release|Any CPU
		{39C002EA-7051-4868-ACC7-7D839F5A6701}.Release|iPhoneSimulator.ActiveCfg = Release|Any CPU
		{39C002EA-7051-4868-ACC7-7D839F5A6701}.Release|iPhoneSimulator.Build.0 = Release|Any CPU
		{39C002EA-7051-4868-ACC7-7D839F5A6701}.Release|iPhoneSimulator.Deploy.0 = Release|Any CPU
		{39C002EA-7051-4868-ACC7-7D839F5A6701}.Release|x64.ActiveCfg = Release|Any CPU
		{39C002EA-7051-4868-ACC7-7D839F5A6701}.Release|x64.Build.0 = Release|Any CPU
		{39C002EA-7051-4868-ACC7-7D839F5A6701}.Release|x64.Deploy.0 = Release|Any CPU
		{39C002EA-7051-4868-ACC7-7D839F5A6701}.Release|x86.ActiveCfg = Release|Any CPU
		{39C002EA-7051-4868-ACC7-7D839F5A6701}.Release|x86.Build.0 = Release|Any CPU
		{39C002EA-7051-4868-ACC7-7D839F5A6701}.Release|x86.Deploy.0 = Release|Any CPU
		{B1375B38-509E-441E-89E4-AA8FB14DBBA9}.Debug|Any CPU.ActiveCfg = Debug|iPhoneSimulator
		{B1375B38-509E-441E-89E4-AA8FB14DBBA9}.Debug|Any CPU.Build.0 = Debug|iPhoneSimulator
		{B1375B38-509E-441E-89E4-AA8FB14DBBA9}.Debug|Any CPU.Deploy.0 = Debug|iPhoneSimulator
		{B1375B38-509E-441E-89E4-AA8FB14DBBA9}.Debug|ARM.ActiveCfg = Debug|iPhone
		{B1375B38-509E-441E-89E4-AA8FB14DBBA9}.Debug|ARM.Build.0 = Debug|iPhone
		{B1375B38-509E-441E-89E4-AA8FB14DBBA9}.Debug|ARM.Deploy.0 = Debug|iPhone
		{B1375B38-509E-441E-89E4-AA8FB14DBBA9}.Debug|iPhone.ActiveCfg = Debug|iPhone
		{B1375B38-509E-441E-89E4-AA8FB14DBBA9}.Debug|iPhone.Build.0 = Debug|iPhone
		{B1375B38-509E-441E-89E4-AA8FB14DBBA9}.Debug|iPhone.Deploy.0 = Debug|iPhone
		{B1375B38-509E-441E-89E4-AA8FB14DBBA9}.Debug|iPhoneSimulator.ActiveCfg = Debug|iPhoneSimulator
		{B1375B38-509E-441E-89E4-AA8FB14DBBA9}.Debug|iPhoneSimulator.Build.0 = Debug|iPhoneSimulator
		{B1375B38-509E-441E-89E4-AA8FB14DBBA9}.Debug|iPhoneSimulator.Deploy.0 = Debug|iPhoneSimulator
		{B1375B38-509E-441E-89E4-AA8FB14DBBA9}.Debug|x64.ActiveCfg = Debug|iPhoneSimulator
		{B1375B38-509E-441E-89E4-AA8FB14DBBA9}.Debug|x64.Build.0 = Debug|iPhoneSimulator
		{B1375B38-509E-441E-89E4-AA8FB14DBBA9}.Debug|x64.Deploy.0 = Debug|iPhoneSimulator
		{B1375B38-509E-441E-89E4-AA8FB14DBBA9}.Debug|x86.ActiveCfg = Debug|iPhoneSimulator
		{B1375B38-509E-441E-89E4-AA8FB14DBBA9}.Debug|x86.Build.0 = Debug|iPhoneSimulator
		{B1375B38-509E-441E-89E4-AA8FB14DBBA9}.Debug|x86.Deploy.0 = Debug|iPhoneSimulator
		{B1375B38-509E-441E-89E4-AA8FB14DBBA9}.Release|Any CPU.ActiveCfg = Release|iPhoneSimulator
		{B1375B38-509E-441E-89E4-AA8FB14DBBA9}.Release|Any CPU.Build.0 = Release|iPhoneSimulator
		{B1375B38-509E-441E-89E4-AA8FB14DBBA9}.Release|Any CPU.Deploy.0 = Release|iPhoneSimulator
		{B1375B38-509E-441E-89E4-AA8FB14DBBA9}.Release|ARM.ActiveCfg = Release|iPhoneSimulator
		{B1375B38-509E-441E-89E4-AA8FB14DBBA9}.Release|ARM.Build.0 = Release|iPhoneSimulator
		{B1375B38-509E-441E-89E4-AA8FB14DBBA9}.Release|ARM.Deploy.0 = Release|iPhoneSimulator
		{B1375B38-509E-441E-89E4-AA8FB14DBBA9}.Release|iPhone.ActiveCfg = Release|iPhone
		{B1375B38-509E-441E-89E4-AA8FB14DBBA9}.Release|iPhone.Build.0 = Release|iPhone
		{B1375B38-509E-441E-89E4-AA8FB14DBBA9}.Release|iPhone.Deploy.0 = Release|iPhone
		{B1375B38-509E-441E-89E4-AA8FB14DBBA9}.Release|iPhoneSimulator.ActiveCfg = Release|iPhoneSimulator
		{B1375B38-509E-441E-89E4-AA8FB14DBBA9}.Release|iPhoneSimulator.Build.0 = Release|iPhoneSimulator
		{B1375B38-509E-441E-89E4-AA8FB14DBBA9}.Release|iPhoneSimulator.Deploy.0 = Release|iPhoneSimulator
		{B1375B38-509E-441E-89E4-AA8FB14DBBA9}.Release|x64.ActiveCfg = Release|iPhoneSimulator
		{B1375B38-509E-441E-89E4-AA8FB14DBBA9}.Release|x64.Build.0 = Release|iPhoneSimulator
		{B1375B38-509E-441E-89E4-AA8FB14DBBA9}.Release|x64.Deploy.0 = Release|iPhoneSimulator
		{B1375B38-509E-441E-89E4-AA8FB14DBBA9}.Release|x86.ActiveCfg = Release|iPhoneSimulator
		{B1375B38-509E-441E-89E4-AA8FB14DBBA9}.Release|x86.Build.0 = Release|iPhoneSimulator
		{B1375B38-509E-441E-89E4-AA8FB14DBBA9}.Release|x86.Deploy.0 = Release|iPhoneSimulator
		{2F49FAB1-93F3-4927-A766-00CB7B4A7177}.Debug|Any CPU.ActiveCfg = Debug|Any CPU
		{2F49FAB1-93F3-4927-A766-00CB7B4A7177}.Debug|Any CPU.Build.0 = Debug|Any CPU
		{2F49FAB1-93F3-4927-A766-00CB7B4A7177}.Debug|Any CPU.Deploy.0 = Debug|Any CPU
		{2F49FAB1-93F3-4927-A766-00CB7B4A7177}.Debug|ARM.ActiveCfg = Debug|Any CPU
		{2F49FAB1-93F3-4927-A766-00CB7B4A7177}.Debug|ARM.Build.0 = Debug|Any CPU
		{2F49FAB1-93F3-4927-A766-00CB7B4A7177}.Debug|ARM.Deploy.0 = Debug|Any CPU
		{2F49FAB1-93F3-4927-A766-00CB7B4A7177}.Debug|iPhone.ActiveCfg = Debug|Any CPU
		{2F49FAB1-93F3-4927-A766-00CB7B4A7177}.Debug|iPhone.Build.0 = Debug|Any CPU
		{2F49FAB1-93F3-4927-A766-00CB7B4A7177}.Debug|iPhone.Deploy.0 = Debug|Any CPU
		{2F49FAB1-93F3-4927-A766-00CB7B4A7177}.Debug|iPhoneSimulator.ActiveCfg = Debug|Any CPU
		{2F49FAB1-93F3-4927-A766-00CB7B4A7177}.Debug|iPhoneSimulator.Build.0 = Debug|Any CPU
		{2F49FAB1-93F3-4927-A766-00CB7B4A7177}.Debug|iPhoneSimulator.Deploy.0 = Debug|Any CPU
		{2F49FAB1-93F3-4927-A766-00CB7B4A7177}.Debug|x64.ActiveCfg = Debug|Any CPU
		{2F49FAB1-93F3-4927-A766-00CB7B4A7177}.Debug|x64.Build.0 = Debug|Any CPU
		{2F49FAB1-93F3-4927-A766-00CB7B4A7177}.Debug|x64.Deploy.0 = Debug|Any CPU
		{2F49FAB1-93F3-4927-A766-00CB7B4A7177}.Debug|x86.ActiveCfg = Debug|Any CPU
		{2F49FAB1-93F3-4927-A766-00CB7B4A7177}.Debug|x86.Build.0 = Debug|Any CPU
		{2F49FAB1-93F3-4927-A766-00CB7B4A7177}.Debug|x86.Deploy.0 = Debug|Any CPU
		{2F49FAB1-93F3-4927-A766-00CB7B4A7177}.Release|Any CPU.ActiveCfg = Release|Any CPU
		{2F49FAB1-93F3-4927-A766-00CB7B4A7177}.Release|Any CPU.Build.0 = Release|Any CPU
		{2F49FAB1-93F3-4927-A766-00CB7B4A7177}.Release|Any CPU.Deploy.0 = Release|Any CPU
		{2F49FAB1-93F3-4927-A766-00CB7B4A7177}.Release|ARM.ActiveCfg = Release|Any CPU
		{2F49FAB1-93F3-4927-A766-00CB7B4A7177}.Release|ARM.Build.0 = Release|Any CPU
		{2F49FAB1-93F3-4927-A766-00CB7B4A7177}.Release|ARM.Deploy.0 = Release|Any CPU
		{2F49FAB1-93F3-4927-A766-00CB7B4A7177}.Release|iPhone.ActiveCfg = Release|Any CPU
		{2F49FAB1-93F3-4927-A766-00CB7B4A7177}.Release|iPhone.Build.0 = Release|Any CPU
		{2F49FAB1-93F3-4927-A766-00CB7B4A7177}.Release|iPhone.Deploy.0 = Release|Any CPU
		{2F49FAB1-93F3-4927-A766-00CB7B4A7177}.Release|iPhoneSimulator.ActiveCfg = Release|Any CPU
		{2F49FAB1-93F3-4927-A766-00CB7B4A7177}.Release|iPhoneSimulator.Build.0 = Release|Any CPU
		{2F49FAB1-93F3-4927-A766-00CB7B4A7177}.Release|iPhoneSimulator.Deploy.0 = Release|Any CPU
		{2F49FAB1-93F3-4927-A766-00CB7B4A7177}.Release|x64.ActiveCfg = Release|Any CPU
		{2F49FAB1-93F3-4927-A766-00CB7B4A7177}.Release|x64.Build.0 = Release|Any CPU
		{2F49FAB1-93F3-4927-A766-00CB7B4A7177}.Release|x64.Deploy.0 = Release|Any CPU
		{2F49FAB1-93F3-4927-A766-00CB7B4A7177}.Release|x86.ActiveCfg = Release|Any CPU
		{2F49FAB1-93F3-4927-A766-00CB7B4A7177}.Release|x86.Build.0 = Release|Any CPU
		{2F49FAB1-93F3-4927-A766-00CB7B4A7177}.Release|x86.Deploy.0 = Release|Any CPU
	EndGlobalSection
	GlobalSection(SolutionProperties) = preSolution
		HideSolutionNode = FALSE
	EndGlobalSection
	GlobalSection(ExtensibilityGlobals) = postSolution
		SolutionGuid = {5BF8678F-8CA1-4C69-A736-DFD07E7F403F}
	EndGlobalSection
EndGlobal
